
Microsoft Visual Studio Solution File, Format Version 12.00
# Visual Studio Version 17
VisualStudioVersion = 17.1.32210.238
MinimumVisualStudioVersion = 10.0.40219.1
Project("{9A19103F-16F7-4668-BE54-9A1E7A4F7556}") = "Swapfiets.BikeThefts", "Swapfiets.BikeThefts\Swapfiets.BikeThefts.csproj", "{042C810D-46FA-41D1-99EA-84F0D4FA5200}"
EndProject
Project("{FAE04EC0-301F-11D3-BF4B-00C04F79EFBC}") = "Swapfiets.BikeThefts.Tests", "Swapfiets.BikeThefts.Tests\Swapfiets.BikeThefts.Tests.csproj", "{D2FE6761-E0DF-4505-9464-4474F7A2022F}"
EndProject
Global
	GlobalSection(SolutionConfigurationPlatforms) = preSolution
		Debug|Any CPU = Debug|Any CPU
		Release|Any CPU = Release|Any CPU
	EndGlobalSection
	GlobalSection(ProjectConfigurationPlatforms) = postSolution
		{042C810D-46FA-41D1-99EA-84F0D4FA5200}.Debug|Any CPU.ActiveCfg = Debug|Any CPU
		{042C810D-46FA-41D1-99EA-84F0D4FA5200}.Debug|Any CPU.Build.0 = Debug|Any CPU
		{042C810D-46FA-41D1-99EA-84F0D4FA5200}.Release|Any CPU.ActiveCfg = Release|Any CPU
		{042C810D-46FA-41D1-99EA-84F0D4FA5200}.Release|Any CPU.Build.0 = Release|Any CPU
		{D2FE6761-E0DF-4505-9464-4474F7A2022F}.Debug|Any CPU.ActiveCfg = Debug|Any CPU
		{D2FE6761-E0DF-4505-9464-4474F7A2022F}.Debug|Any CPU.Build.0 = Debug|Any CPU
		{D2FE6761-E0DF-4505-9464-4474F7A2022F}.Release|Any CPU.ActiveCfg = Release|Any CPU
		{D2FE6761-E0DF-4505-9464-4474F7A2022F}.Release|Any CPU.Build.0 = Release|Any CPU
	EndGlobalSection
	GlobalSection(SolutionProperties) = preSolution
		HideSolutionNode = FALSE
	EndGlobalSection
	GlobalSection(ExtensibilityGlobals) = postSolution
		SolutionGuid = {E3E9CA29-505D-496F-8F6C-641CCC655764}
	EndGlobalSection
EndGlobal
